
Microsoft Visual Studio Solution File, Format Version 12.00
# Visual Studio Version 17
VisualStudioVersion = 17.14.36221.1
MinimumVisualStudioVersion = 10.0.40219.1
Project("{FAE04EC0-301F-11D3-BF4B-00C04F79EFBC}") = "BulkyWeb", "BulkyWeb\BulkyWeb.csproj", "{8CB25B3A-A64A-4470-9A85-3FF609DA282D}"
EndProject
Project("{FAE04EC0-301F-11D3-BF4B-00C04F79EFBC}") = "Bulky.DataAccess", "Bulky.DataAccess\Bulky.DataAccess.csproj", "{FEC13C8D-80B0-4DE0-B60B-1A5BDB798E68}"
EndProject
Project("{FAE04EC0-301F-11D3-BF4B-00C04F79EFBC}") = "Bulky.Models", "bulky.Models\Bulky.Models.csproj", "{CE0E2D07-DE80-4C30-93BB-562C8CC8E6DA}"
EndProject
Project("{FAE04EC0-301F-11D3-BF4B-00C04F79EFBC}") = "Bulky.Utility", "Bulky.Utility\Bulky.Utility.csproj", "{2FF83787-26CC-4B80-B022-965A3D981643}"
EndProject
Global
	GlobalSection(SolutionConfigurationPlatforms) = preSolution
		Debug|Any CPU = Debug|Any CPU
		Release|Any CPU = Release|Any CPU
	EndGlobalSection
	GlobalSection(ProjectConfigurationPlatforms) = postSolution
		{8CB25B3A-A64A-4470-9A85-3FF609DA282D}.Debug|Any CPU.ActiveCfg = Debug|Any CPU
		{8CB25B3A-A64A-4470-9A85-3FF609DA282D}.Debug|Any CPU.Build.0 = Debug|Any CPU
		{8CB25B3A-A64A-4470-9A85-3FF609DA282D}.Release|Any CPU.ActiveCfg = Release|Any CPU
		{8CB25B3A-A64A-4470-9A85-3FF609DA282D}.Release|Any CPU.Build.0 = Release|Any CPU
		{FEC13C8D-80B0-4DE0-B60B-1A5BDB798E68}.Debug|Any CPU.ActiveCfg = Debug|Any CPU
		{FEC13C8D-80B0-4DE0-B60B-1A5BDB798E68}.Debug|Any CPU.Build.0 = Debug|Any CPU
		{FEC13C8D-80B0-4DE0-B60B-1A5BDB798E68}.Release|Any CPU.ActiveCfg = Release|Any CPU
		{FEC13C8D-80B0-4DE0-B60B-1A5BDB798E68}.Release|Any CPU.Build.0 = Release|Any CPU
		{CE0E2D07-DE80-4C30-93BB-562C8CC8E6DA}.Debug|Any CPU.ActiveCfg = Debug|Any CPU
		{CE0E2D07-DE80-4C30-93BB-562C8CC8E6DA}.Debug|Any CPU.Build.0 = Debug|Any CPU
		{CE0E2D07-DE80-4C30-93BB-562C8CC8E6DA}.Release|Any CPU.ActiveCfg = Release|Any CPU
		{CE0E2D07-DE80-4C30-93BB-562C8CC8E6DA}.Release|Any CPU.Build.0 = Release|Any CPU
		{2FF83787-26CC-4B80-B022-965A3D981643}.Debug|Any CPU.ActiveCfg = Debug|Any CPU
		{2FF83787-26CC-4B80-B022-965A3D981643}.Debug|Any CPU.Build.0 = Debug|Any CPU
		{2FF83787-26CC-4B80-B022-965A3D981643}.Release|Any CPU.ActiveCfg = Release|Any CPU
		{2FF83787-26CC-4B80-B022-965A3D981643}.Release|Any CPU.Build.0 = Release|Any CPU
	EndGlobalSection
	GlobalSection(SolutionProperties) = preSolution
		HideSolutionNode = FALSE
	EndGlobalSection
	GlobalSection(ExtensibilityGlobals) = postSolution
		SolutionGuid = {24E800A6-3BE9-4D12-A764-314893A408D0}
	EndGlobalSection
EndGlobal
